
Microsoft Visual Studio Solution File, Format Version 12.00
# Visual Studio Version 17
VisualStudioVersion = 17.2.32526.322
MinimumVisualStudioVersion = 10.0.40219.1
Project("{FAE04EC0-301F-11D3-BF4B-00C04F79EFBC}") = "ELearningUI", "ELearningUI\ELearningUI.csproj", "{03C3C31C-C77F-45BC-800F-A103ACA72490}"
EndProject
Global
	GlobalSection(SolutionConfigurationPlatforms) = preSolution
		Debug|Any CPU = Debug|Any CPU
		Release|Any CPU = Release|Any CPU
	EndGlobalSection
	GlobalSection(ProjectConfigurationPlatforms) = postSolution
		{03C3C31C-C77F-45BC-800F-A103ACA72490}.Debug|Any CPU.ActiveCfg = Debug|Any CPU
		{03C3C31C-C77F-45BC-800F-A103ACA72490}.Debug|Any CPU.Build.0 = Debug|Any CPU
		{03C3C31C-C77F-45BC-800F-A103ACA72490}.Release|Any CPU.ActiveCfg = Release|Any CPU
		{03C3C31C-C77F-45BC-800F-A103ACA72490}.Release|Any CPU.Build.0 = Release|Any CPU
	EndGlobalSection
	GlobalSection(SolutionProperties) = preSolution
		HideSolutionNode = FALSE
	EndGlobalSection
	GlobalSection(ExtensibilityGlobals) = postSolution
		SolutionGuid = {386C1DF1-23C3-480D-8E3F-E550F5A2F948}
	EndGlobalSection
EndGlobal
